PODS:
  - podtest (0.1.0):
    - podtest/TencentSDK (= 0.1.0)
  - podtest/TencentSDK (0.1.0)

DEPENDENCIES:
  - podtest (from `../`)

EXTERNAL SOURCES:
  podtest:
    :path: "../"

SPEC CHECKSUMS:
  podtest: da79f5ee182823212467a6850ebe02300cce5829

PODFILE CHECKSUM: e7039d778c19c2326ce316a1e0e174fe03e28ceb

COCOAPODS: 1.7.5
